<?xml version="1.0" encoding="utf-8"?>
<Project ToolsVersion="4.0" xmlns="http://schemas.microsoft.com/developer/msbuild/2003">
  <ItemGroup>
    <Filter Include="win32">
      <UniqueIdentifier>{84a8ebd7-7cf0-47f6-b75e-d441df67da40}</UniqueIdentifier>
    </Filter>
    <Filter Include="resource">
      <UniqueIdentifier>{715254bc-d70b-4ec5-bf29-467dd3ace079}</UniqueIdentifier>
    </Filter>
    <Filter Include="src">
      <UniqueIdentifier>{bb6c862e-70e9-49d9-81b7-3829a6f50471}</UniqueIdentifier>
    </Filter>
    <Filter Include="src\Scenes">
      <UniqueIdentifier>{3d19c99c-ee6f-4558-b024-50c467258703}</UniqueIdentifier>
    </Filter>
    <Filter Include="src\popup">
      <UniqueIdentifier>{928166b0-e2e0-4d60-8845-ad78e93e41b0}</UniqueIdentifier>
    </Filter>
    <Filter Include="src\Server">
      <UniqueIdentifier>{3ab4471b-bb9b-44c6-84ad-9173043b2456}</UniqueIdentifier>
    </Filter>
  </ItemGroup>
  <ItemGroup>
    <ClCompile Include="main.cpp">
      <Filter>win32</Filter>
    </ClCompile>
    <ClCompile Include="..\Classes\AppDelegate.cpp">
      <Filter>src</Filter>
    </ClCompile>
    <ClCompile Include="..\Classes\OmokPan.cpp">
      <Filter>src</Filter>
    </ClCompile>
    <ClCompile Include="..\Classes\GameScene.cpp">
      <Filter>src\Scenes</Filter>
    </ClCompile>
    <ClCompile Include="..\Classes\MainScene.cpp">
      <Filter>src\Scenes</Filter>
    </ClCompile>
    <ClCompile Include="..\Classes\EditNickName.cpp">
      <Filter>src</Filter>
    </ClCompile>
    <ClCompile Include="..\Classes\WaitPopUp.cpp">
      <Filter>src\popup</Filter>
    </ClCompile>
    <ClCompile Include="..\Classes\EndPopUp.cpp">
      <Filter>src\popup</Filter>
    </ClCompile>
    <ClCompile Include="..\Classes\SocketManager.cpp">
      <Filter>src\Server</Filter>
    </ClCompile>
  </ItemGroup>
  <ItemGroup>
    <ClInclude Include="main.h">
      <Filter>win32</Filter>
    </ClInclude>
    <ClInclude Include="..\Classes\AppDelegate.h">
      <Filter>src</Filter>
    </ClInclude>
    <ClInclude Include="..\Classes\OmokPan.h">
      <Filter>src</Filter>
    </ClInclude>
    <ClInclude Include="..\Classes\GameScene.h">
      <Filter>src\Scenes</Filter>
    </ClInclude>
    <ClInclude Include="..\Classes\MainScene.h">
      <Filter>src\Scenes</Filter>
    </ClInclude>
    <ClInclude Include="..\Classes\EditNickName.h">
      <Filter>src</Filter>
    </ClInclude>
    <ClInclude Include="..\Classes\WaitPopUp.h">
      <Filter>src\popup</Filter>
    </ClInclude>
    <ClInclude Include="..\Classes\EndPopUp.h">
      <Filter>src\popup</Filter>
    </ClInclude>
    <ClInclude Include="..\Classes\SocketManager.h">
      <Filter>src\Server</Filter>
    </ClInclude>
    <ClInclude Include="..\Classes\MessageFormat.h">
      <Filter>src\Server</Filter>
    </ClInclude>
  </ItemGroup>
  <ItemGroup>
    <ResourceCompile Include="game.rc">
      <Filter>resource</Filter>
    </ResourceCompile>
  </ItemGroup>
</Project>